# Generated by pub
# See https://www.dartlang.org/tools/pub/glossary#lockfile
packages:
  http_server:
    dependency: "direct main"
    description:
      name: http_server
      url: "https://pub.dartlang.org"
    source: hosted
    version: "0.9.8+1"
  mime:
    dependency: transitive
    description:
      name: mime
      url: "https://pub.dartlang.org"
    source: hosted
    version: "0.9.6+2"
  path:
    dependency: transitive
    description:
      name: path
      url: "https://pub.dartlang.org"
    source: hosted
    version: "1.6.2"
sdks:
  dart: ">=2.0.0 <3.0.0"
